Microsoft Visual Studio Solution File, Format Version 12.00
# Visual Studio Version 17
VisualStudioVersion = 17.5.2.0
MinimumVisualStudioVersion = 10.0.40219.1
Project("{FAE04EC0-301F-11D3-BF4B-00C04F79EFBC}") = "ThesisExperiment", "ThesisExperiment.csproj", "{91484725-ACB1-7A9C-9CEE-7CD921D60793}"
EndProject
Global
	GlobalSection(SolutionConfigurationPlatforms) = preSolution
		Debug|Any CPU = Debug|Any CPU
		Release|Any CPU = Release|Any CPU
	EndGlobalSection
	GlobalSection(ProjectConfigurationPlatforms) = postSolution
		{91484725-ACB1-7A9C-9CEE-7CD921D60793}.Debug|Any CPU.ActiveCfg = Debug|Any CPU
		{91484725-ACB1-7A9C-9CEE-7CD921D60793}.Debug|Any CPU.Build.0 = Debug|Any CPU
		{91484725-ACB1-7A9C-9CEE-7CD921D60793}.Release|Any CPU.ActiveCfg = Release|Any CPU
		{91484725-ACB1-7A9C-9CEE-7CD921D60793}.Release|Any CPU.Build.0 = Release|Any CPU
	EndGlobalSection
	GlobalSection(SolutionProperties) = preSolution
		HideSolutionNode = FALSE
	EndGlobalSection
	GlobalSection(ExtensibilityGlobals) = postSolution
		SolutionGuid = {D365DEA2-6C19-4EB7-BE89-1E654F8DA3C5}
	EndGlobalSection
EndGlobal
